
Microsoft Visual Studio Solution File, Format Version 12.00
# Visual Studio 15
VisualStudioVersion = 15.0.26730.16
MinimumVisualStudioVersion = 10.0.40219.1
Project("{FAE04EC0-301F-11D3-BF4B-00C04F79EFBC}") = "E4-Grafo.DiazUriasJorgeDavid", "E4-Grafo.DiazUriasJorgeDavid\E4-Grafo.DiazUriasJorgeDavid.csproj", "{5D611FE6-1E40-4B28-8F5B-76FE67FC0DD9}"
EndProject
Global
	GlobalSection(SolutionConfigurationPlatforms) = preSolution
		Debug|Any CPU = Debug|Any CPU
		Release|Any CPU = Release|Any CPU
	EndGlobalSection
	GlobalSection(ProjectConfigurationPlatforms) = postSolution
		{5D611FE6-1E40-4B28-8F5B-76FE67FC0DD9}.Debug|Any CPU.ActiveCfg = Debug|Any CPU
		{5D611FE6-1E40-4B28-8F5B-76FE67FC0DD9}.Debug|Any CPU.Build.0 = Debug|Any CPU
		{5D611FE6-1E40-4B28-8F5B-76FE67FC0DD9}.Release|Any CPU.ActiveCfg = Release|Any CPU
		{5D611FE6-1E40-4B28-8F5B-76FE67FC0DD9}.Release|Any CPU.Build.0 = Release|Any CPU
	EndGlobalSection
	GlobalSection(SolutionProperties) = preSolution
		HideSolutionNode = FALSE
	EndGlobalSection
	GlobalSection(ExtensibilityGlobals) = postSolution
		SolutionGuid = {2B4F727D-6C7F-414F-9D81-53F69C9FD78E}
	EndGlobalSection
EndGlobal
