
Microsoft Visual Studio Solution File, Format Version 12.00
# Visual Studio 15
VisualStudioVersion = 15.0.26730.16
MinimumVisualStudioVersion = 10.0.40219.1
Project("{FAE04EC0-301F-11D3-BF4B-00C04F79EFBC}") = "E4-Arbol2.DiazUriasJorgeDavid", "E4-Arbol2.DiazUriasJorgeDavid\E4-Arbol2.DiazUriasJorgeDavid.csproj", "{342DFA02-693B-4F63-8ECC-E85619651A7F}"
EndProject
Global
	GlobalSection(SolutionConfigurationPlatforms) = preSolution
		Debug|Any CPU = Debug|Any CPU
		Release|Any CPU = Release|Any CPU
	EndGlobalSection
	GlobalSection(ProjectConfigurationPlatforms) = postSolution
		{342DFA02-693B-4F63-8ECC-E85619651A7F}.Debug|Any CPU.ActiveCfg = Debug|Any CPU
		{342DFA02-693B-4F63-8ECC-E85619651A7F}.Debug|Any CPU.Build.0 = Debug|Any CPU
		{342DFA02-693B-4F63-8ECC-E85619651A7F}.Release|Any CPU.ActiveCfg = Release|Any CPU
		{342DFA02-693B-4F63-8ECC-E85619651A7F}.Release|Any CPU.Build.0 = Release|Any CPU
	EndGlobalSection
	GlobalSection(SolutionProperties) = preSolution
		HideSolutionNode = FALSE
	EndGlobalSection
	GlobalSection(ExtensibilityGlobals) = postSolution
		SolutionGuid = {8617CB84-5BE9-4989-BC28-7DB9634FC30F}
	EndGlobalSection
EndGlobal
