
Microsoft Visual Studio Solution File, Format Version 12.00
# Visual Studio 15
VisualStudioVersion = 15.0.26730.16
MinimumVisualStudioVersion = 10.0.40219.1
Project("{FAE04EC0-301F-11D3-BF4B-00C04F79EFBC}") = "Arbol3", "Arbol3\Arbol3.csproj", "{D8900FAF-63EE-438F-A814-7C0F94377F4E}"
EndProject
Global
	GlobalSection(SolutionConfigurationPlatforms) = preSolution
		Debug|Any CPU = Debug|Any CPU
		Release|Any CPU = Release|Any CPU
	EndGlobalSection
	GlobalSection(ProjectConfigurationPlatforms) = postSolution
		{D8900FAF-63EE-438F-A814-7C0F94377F4E}.Debug|Any CPU.ActiveCfg = Debug|Any CPU
		{D8900FAF-63EE-438F-A814-7C0F94377F4E}.Debug|Any CPU.Build.0 = Debug|Any CPU
		{D8900FAF-63EE-438F-A814-7C0F94377F4E}.Release|Any CPU.ActiveCfg = Release|Any CPU
		{D8900FAF-63EE-438F-A814-7C0F94377F4E}.Release|Any CPU.Build.0 = Release|Any CPU
	EndGlobalSection
	GlobalSection(SolutionProperties) = preSolution
		HideSolutionNode = FALSE
	EndGlobalSection
	GlobalSection(ExtensibilityGlobals) = postSolution
		SolutionGuid = {B90B7C75-47EE-4BD2-96D5-88A954BDD9A6}
	EndGlobalSection
EndGlobal
